{
  "nodes": {
    "nixpkgs": {
      "locked": {
        "lastModified": 1787498568,
        "narHash": "sha256-9i/VTdusq/+NM/tz+J1Re+ojkMB8MBf0QshnYfzHz30=",
        "owner": "NixOS",
        "repo": "nixpkgs",
        "rev": "56c02bc00adcf003215cc4bd996d6efaf4cff188",
        "type": "github"
      },
      "original": {
        "owner": "NixOS",
        "ref": "nixos-unstable",
        "repo": "nixpkgs",
        "type": "github"
      }
    },
    "nixpkgs_2": {
      "locked": {
        "lastModified": 1744536153,
        "narHash": "sha256-awS2zRgF4uTwrOKwwiJcByDzDOdo3Q1rPZbiHQg/N38=",
        "owner": "NixOS",
        "repo": "nixpkgs",
        "rev": "18dd725c29603f582cf1900e0d25f9f1063dbf11",
        "type": "github"
      },
      "original": {
        "owner": "NixOS",
        "ref": "nixpkgs-unstable",
        "repo": "nixpkgs",
        "type": "github"
      }
    },
    "root": {
      "inputs": {
        "nixpkgs": "nixpkgs",
        "rust-overlay": "rust-overlay",
        "serai": "serai"
      }
    },
    "rust-overlay": {
      "inputs": {
        "nixpkgs": "nixpkgs_2"
      },
      "locked": {
        "lastModified": 1787540965,
        "narHash": "sha256-48/4bbmK3W3Av3YPnrFb/tVQXPvBwU6kyM3Pb13VVD8=",
        "owner": "oxalica",
        "repo": "rust-overlay",
        "rev": "ab450d47a3f906d19de1b332915bfc6e5b29c853",
        "type": "github"
      },
      "original": {
        "owner": "oxalica",
        "repo": "rust-overlay",
        "type": "github"
      }
    },
    "serai": {
      "flake": false,
      "locked": {
        "lastModified": 1757867870,
        "narHash": "sha256-+oSKyOBMVCtd3pO739MO7KmmjK+tNijCe/IFdW2p4NM=",
        "ref": "refs/heads/develop",
        "rev": "90ee77d805224d8c6641e4123adc2cc74b701c9f",
        "revCount": 1122,
        "type": "git",
        "url": "https://github.com/kayabaNerve/serai"
      },
      "original": {
        "rev": "90ee77d805224d8c6641e4123adc2cc74b701c9f",
        "type": "git",
        "url": "https://github.com/kayabaNerve/serai"
      }
    }
  },
  "root": "root",
  "version": 7
}
