PODS:
  - FlutterMacOS (1.0.0)
  - frostdart (0.0.1):
    - FlutterMacOS

DEPENDENCIES:
  - FlutterMacOS (from `Flutter/ephemeral`)
  - frostdart (from `Flutter/ephemeral/.symlinks/plugins/frostdart/macos`)

EXTERNAL SOURCES:
  FlutterMacOS:
    :path: Flutter/ephemeral
  frostdart:
    :path: Flutter/ephemeral/.symlinks/plugins/frostdart/macos

SPEC CHECKSUMS:
  FlutterMacOS: 8f6f14fa908a6fb3fba0cd85dbd81ec4b251fb24
  frostdart: c6f034811a19d3db383d7de0051278d968e0ba33

PODFILE CHECKSUM: 236401fc2c932af29a9fcf0e97baeeb2d750d367

COCOAPODS: 1.12.1
