PODS:
  - FlutterMacOS (1.0.0)
  - frostdart (0.0.1):
    - FlutterMacOS

DEPENDENCIES:
  - FlutterMacOS (from `Flutter/ephemeral`)
  - frostdart (from `Flutter/ephemeral/.symlinks/plugins/frostdart/macos`)

EXTERNAL SOURCES:
  FlutterMacOS:
    :path: Flutter/ephemeral
  frostdart:
    :path: Flutter/ephemeral/.symlinks/plugins/frostdart/macos

SPEC CHECKSUMS:
  FlutterMacOS: d0db08ddef1a9af05a5ec4b724367152bb0500b1
  frostdart: 866f82890e437445bac11b48387bccb4839bc150

PODFILE CHECKSUM: 9ebaf0ce3d369aaa26a9ea0e159195ed94724cf3

COCOAPODS: 1.16.2
